
Microsoft Visual Studio Solution File, Format Version 12.00
# Visual Studio Version 17
VisualStudioVersion = 17.4.33213.308
MinimumVisualStudioVersion = 10.0.40219.1
Project("{9A19103F-16F7-4668-BE54-9A1E7A4F7556}") = "Statements", "Statements\Statements.csproj", "{7EFAB730-8B23-46AE-A7DC-5691A57DA2B8}"
EndProject
Project("{9A19103F-16F7-4668-BE54-9A1E7A4F7556}") = "Loops", "Loops\Loops.csproj", "{88F7E03B-9F40-48D4-943B-C5CB7F33820E}"
EndProject
Project("{9A19103F-16F7-4668-BE54-9A1E7A4F7556}") = "DataTypes", "DataTypes\DataTypes.csproj", "{EE7FBF2D-5E23-47C9-B590-1D8C0A6F82CA}"
EndProject
Project("{9A19103F-16F7-4668-BE54-9A1E7A4F7556}") = "HelloWorld", "HelloWorld\HelloWorld.csproj", "{4E2DF9BA-90C2-43AF-9C86-FFA4AD37733D}"
EndProject
Project("{9A19103F-16F7-4668-BE54-9A1E7A4F7556}") = "Operators", "Operators\Operators.csproj", "{BFFB1A2F-B8B4-4704-A217-B66E76E58AF6}"
EndProject
Project("{9A19103F-16F7-4668-BE54-9A1E7A4F7556}") = "Variables", "Variables\Variables.csproj", "{09F39510-09BE-426F-A04E-D3CE9223EFCE}"
EndProject
Project("{9A19103F-16F7-4668-BE54-9A1E7A4F7556}") = "Sample1", "Sample1\Sample1.csproj", "{DA41EA44-CF91-4C86-A5FD-D4519AB2D52B}"
EndProject
Project("{9A19103F-16F7-4668-BE54-9A1E7A4F7556}") = "Sample2", "Sample2\Sample2.csproj", "{DA93D29D-8B5B-43A4-9390-776BEB9D02D5}"
EndProject
Project("{9A19103F-16F7-4668-BE54-9A1E7A4F7556}") = "JumpStatements", "JumpStatements\JumpStatements.csproj", "{4CD74731-10EF-4671-8EFC-96DA5C4D754A}"
EndProject
Project("{9A19103F-16F7-4668-BE54-9A1E7A4F7556}") = "Methods", "Methods\Methods.csproj", "{4D134FE3-3FA1-40EA-A3AC-AD3C7B5BBF68}"
EndProject
Project("{9A19103F-16F7-4668-BE54-9A1E7A4F7556}") = "Sample3", "Sample3\Sample3.csproj", "{A7AB2EA3-2F8F-48FF-8C60-DC41260744B8}"
EndProject
Project("{9A19103F-16F7-4668-BE54-9A1E7A4F7556}") = "MethodParameters", "MethodParameters\MethodParameters.csproj", "{6FFEA06B-F3B2-477B-ACEC-6C4C12DD0A3F}"
EndProject
Project("{9A19103F-16F7-4668-BE54-9A1E7A4F7556}") = "ClassesAndObjects", "ClassesAndObjects\ClassesAndObjects.csproj", "{DC502691-8149-44D2-AD55-8C2272305834}"
EndProject
Project("{9A19103F-16F7-4668-BE54-9A1E7A4F7556}") = "Sample4", "Sample4\Sample4.csproj", "{8FE08A1A-0B0B-4831-B06C-A0655D8DB2BA}"
EndProject
Project("{9A19103F-16F7-4668-BE54-9A1E7A4F7556}") = "School", "School\School.csproj", "{C573DEA4-DEF6-4302-B16B-D51B5E99FBB4}"
EndProject
Project("{FAE04EC0-301F-11D3-BF4B-00C04F79EFBC}") = "Geometry", "Geometry\Geometry.csproj", "{5669B50F-772E-4395-88E4-F40CE6328FC4}"
EndProject
Global
	GlobalSection(SolutionConfigurationPlatforms) = preSolution
		Debug|Any CPU = Debug|Any CPU
		Release|Any CPU = Release|Any CPU
	EndGlobalSection
	GlobalSection(ProjectConfigurationPlatforms) = postSolution
		{7EFAB730-8B23-46AE-A7DC-5691A57DA2B8}.Debug|Any CPU.ActiveCfg = Debug|Any CPU
		{7EFAB730-8B23-46AE-A7DC-5691A57DA2B8}.Debug|Any CPU.Build.0 = Debug|Any CPU
		{7EFAB730-8B23-46AE-A7DC-5691A57DA2B8}.Release|Any CPU.ActiveCfg = Release|Any CPU
		{7EFAB730-8B23-46AE-A7DC-5691A57DA2B8}.Release|Any CPU.Build.0 = Release|Any CPU
		{88F7E03B-9F40-48D4-943B-C5CB7F33820E}.Debug|Any CPU.ActiveCfg = Debug|Any CPU
		{88F7E03B-9F40-48D4-943B-C5CB7F33820E}.Debug|Any CPU.Build.0 = Debug|Any CPU
		{88F7E03B-9F40-48D4-943B-C5CB7F33820E}.Release|Any CPU.ActiveCfg = Release|Any CPU
		{88F7E03B-9F40-48D4-943B-C5CB7F33820E}.Release|Any CPU.Build.0 = Release|Any CPU
		{EE7FBF2D-5E23-47C9-B590-1D8C0A6F82CA}.Debug|Any CPU.ActiveCfg = Debug|Any CPU
		{EE7FBF2D-5E23-47C9-B590-1D8C0A6F82CA}.Debug|Any CPU.Build.0 = Debug|Any CPU
		{EE7FBF2D-5E23-47C9-B590-1D8C0A6F82CA}.Release|Any CPU.ActiveCfg = Release|Any CPU
		{EE7FBF2D-5E23-47C9-B590-1D8C0A6F82CA}.Release|Any CPU.Build.0 = Release|Any CPU
		{4E2DF9BA-90C2-43AF-9C86-FFA4AD37733D}.Debug|Any CPU.ActiveCfg = Debug|Any CPU
		{4E2DF9BA-90C2-43AF-9C86-FFA4AD37733D}.Debug|Any CPU.Build.0 = Debug|Any CPU
		{4E2DF9BA-90C2-43AF-9C86-FFA4AD37733D}.Release|Any CPU.ActiveCfg = Release|Any CPU
		{4E2DF9BA-90C2-43AF-9C86-FFA4AD37733D}.Release|Any CPU.Build.0 = Release|Any CPU
		{BFFB1A2F-B8B4-4704-A217-B66E76E58AF6}.Debug|Any CPU.ActiveCfg = Debug|Any CPU
		{BFFB1A2F-B8B4-4704-A217-B66E76E58AF6}.Debug|Any CPU.Build.0 = Debug|Any CPU
		{BFFB1A2F-B8B4-4704-A217-B66E76E58AF6}.Release|Any CPU.ActiveCfg = Release|Any CPU
		{BFFB1A2F-B8B4-4704-A217-B66E76E58AF6}.Release|Any CPU.Build.0 = Release|Any CPU
		{09F39510-09BE-426F-A04E-D3CE9223EFCE}.Debug|Any CPU.ActiveCfg = Debug|Any CPU
		{09F39510-09BE-426F-A04E-D3CE9223EFCE}.Debug|Any CPU.Build.0 = Debug|Any CPU
		{09F39510-09BE-426F-A04E-D3CE9223EFCE}.Release|Any CPU.ActiveCfg = Release|Any CPU
		{09F39510-09BE-426F-A04E-D3CE9223EFCE}.Release|Any CPU.Build.0 = Release|Any CPU
		{DA41EA44-CF91-4C86-A5FD-D4519AB2D52B}.Debug|Any CPU.ActiveCfg = Debug|Any CPU
		{DA41EA44-CF91-4C86-A5FD-D4519AB2D52B}.Debug|Any CPU.Build.0 = Debug|Any CPU
		{DA41EA44-CF91-4C86-A5FD-D4519AB2D52B}.Release|Any CPU.ActiveCfg = Release|Any CPU
		{DA41EA44-CF91-4C86-A5FD-D4519AB2D52B}.Release|Any CPU.Build.0 = Release|Any CPU
		{DA93D29D-8B5B-43A4-9390-776BEB9D02D5}.Debug|Any CPU.ActiveCfg = Debug|Any CPU
		{DA93D29D-8B5B-43A4-9390-776BEB9D02D5}.Debug|Any CPU.Build.0 = Debug|Any CPU
		{DA93D29D-8B5B-43A4-9390-776BEB9D02D5}.Release|Any CPU.ActiveCfg = Release|Any CPU
		{DA93D29D-8B5B-43A4-9390-776BEB9D02D5}.Release|Any CPU.Build.0 = Release|Any CPU
		{4CD74731-10EF-4671-8EFC-96DA5C4D754A}.Debug|Any CPU.ActiveCfg = Debug|Any CPU
		{4CD74731-10EF-4671-8EFC-96DA5C4D754A}.Debug|Any CPU.Build.0 = Debug|Any CPU
		{4CD74731-10EF-4671-8EFC-96DA5C4D754A}.Release|Any CPU.ActiveCfg = Release|Any CPU
		{4CD74731-10EF-4671-8EFC-96DA5C4D754A}.Release|Any CPU.Build.0 = Release|Any CPU
		{4D134FE3-3FA1-40EA-A3AC-AD3C7B5BBF68}.Debug|Any CPU.ActiveCfg = Debug|Any CPU
		{4D134FE3-3FA1-40EA-A3AC-AD3C7B5BBF68}.Debug|Any CPU.Build.0 = Debug|Any CPU
		{4D134FE3-3FA1-40EA-A3AC-AD3C7B5BBF68}.Release|Any CPU.ActiveCfg = Release|Any CPU
		{4D134FE3-3FA1-40EA-A3AC-AD3C7B5BBF68}.Release|Any CPU.Build.0 = Release|Any CPU
		{A7AB2EA3-2F8F-48FF-8C60-DC41260744B8}.Debug|Any CPU.ActiveCfg = Debug|Any CPU
		{A7AB2EA3-2F8F-48FF-8C60-DC41260744B8}.Debug|Any CPU.Build.0 = Debug|Any CPU
		{A7AB2EA3-2F8F-48FF-8C60-DC41260744B8}.Release|Any CPU.ActiveCfg = Release|Any CPU
		{A7AB2EA3-2F8F-48FF-8C60-DC41260744B8}.Release|Any CPU.Build.0 = Release|Any CPU
		{6FFEA06B-F3B2-477B-ACEC-6C4C12DD0A3F}.Debug|Any CPU.ActiveCfg = Debug|Any CPU
		{6FFEA06B-F3B2-477B-ACEC-6C4C12DD0A3F}.Debug|Any CPU.Build.0 = Debug|Any CPU
		{6FFEA06B-F3B2-477B-ACEC-6C4C12DD0A3F}.Release|Any CPU.ActiveCfg = Release|Any CPU
		{6FFEA06B-F3B2-477B-ACEC-6C4C12DD0A3F}.Release|Any CPU.Build.0 = Release|Any CPU
		{DC502691-8149-44D2-AD55-8C2272305834}.Debug|Any CPU.ActiveCfg = Debug|Any CPU
		{DC502691-8149-44D2-AD55-8C2272305834}.Debug|Any CPU.Build.0 = Debug|Any CPU
		{DC502691-8149-44D2-AD55-8C2272305834}.Release|Any CPU.ActiveCfg = Release|Any CPU
		{DC502691-8149-44D2-AD55-8C2272305834}.Release|Any CPU.Build.0 = Release|Any CPU
		{8FE08A1A-0B0B-4831-B06C-A0655D8DB2BA}.Debug|Any CPU.ActiveCfg = Debug|Any CPU
		{8FE08A1A-0B0B-4831-B06C-A0655D8DB2BA}.Debug|Any CPU.Build.0 = Debug|Any CPU
		{8FE08A1A-0B0B-4831-B06C-A0655D8DB2BA}.Release|Any CPU.ActiveCfg = Release|Any CPU
		{8FE08A1A-0B0B-4831-B06C-A0655D8DB2BA}.Release|Any CPU.Build.0 = Release|Any CPU
		{C573DEA4-DEF6-4302-B16B-D51B5E99FBB4}.Debug|Any CPU.ActiveCfg = Debug|Any CPU
		{C573DEA4-DEF6-4302-B16B-D51B5E99FBB4}.Debug|Any CPU.Build.0 = Debug|Any CPU
		{C573DEA4-DEF6-4302-B16B-D51B5E99FBB4}.Release|Any CPU.ActiveCfg = Release|Any CPU
		{C573DEA4-DEF6-4302-B16B-D51B5E99FBB4}.Release|Any CPU.Build.0 = Release|Any CPU
		{5669B50F-772E-4395-88E4-F40CE6328FC4}.Debug|Any CPU.ActiveCfg = Debug|Any CPU
		{5669B50F-772E-4395-88E4-F40CE6328FC4}.Debug|Any CPU.Build.0 = Debug|Any CPU
		{5669B50F-772E-4395-88E4-F40CE6328FC4}.Release|Any CPU.ActiveCfg = Release|Any CPU
		{5669B50F-772E-4395-88E4-F40CE6328FC4}.Release|Any CPU.Build.0 = Release|Any CPU
	EndGlobalSection
	GlobalSection(SolutionProperties) = preSolution
		HideSolutionNode = FALSE
	EndGlobalSection
	GlobalSection(ExtensibilityGlobals) = postSolution
		SolutionGuid = {69EDD2E0-1871-4AD2-8E66-C8BC997194B4}
	EndGlobalSection
EndGlobal
