
Microsoft Visual Studio Solution File, Format Version 12.00
# Visual Studio Version 17
VisualStudioVersion = 17.4.33213.308
MinimumVisualStudioVersion = 10.0.40219.1
Project("{9A19103F-16F7-4668-BE54-9A1E7A4F7556}") = "ConditionalStatement", "ConditionalStatement\ConditionalStatement.csproj", "{7EFAB730-8B23-46AE-A7DC-5691A57DA2B8}"
EndProject
Project("{FAE04EC0-301F-11D3-BF4B-00C04F79EFBC}") = "Loops", "Loops\Loops.csproj", "{88F7E03B-9F40-48D4-943B-C5CB7F33820E}"
EndProject
Global
	GlobalSection(SolutionConfigurationPlatforms) = preSolution
		Debug|Any CPU = Debug|Any CPU
		Release|Any CPU = Release|Any CPU
	EndGlobalSection
	GlobalSection(ProjectConfigurationPlatforms) = postSolution
		{7EFAB730-8B23-46AE-A7DC-5691A57DA2B8}.Debug|Any CPU.ActiveCfg = Debug|Any CPU
		{7EFAB730-8B23-46AE-A7DC-5691A57DA2B8}.Debug|Any CPU.Build.0 = Debug|Any CPU
		{7EFAB730-8B23-46AE-A7DC-5691A57DA2B8}.Release|Any CPU.ActiveCfg = Release|Any CPU
		{7EFAB730-8B23-46AE-A7DC-5691A57DA2B8}.Release|Any CPU.Build.0 = Release|Any CPU
		{88F7E03B-9F40-48D4-943B-C5CB7F33820E}.Debug|Any CPU.ActiveCfg = Debug|Any CPU
		{88F7E03B-9F40-48D4-943B-C5CB7F33820E}.Debug|Any CPU.Build.0 = Debug|Any CPU
		{88F7E03B-9F40-48D4-943B-C5CB7F33820E}.Release|Any CPU.ActiveCfg = Release|Any CPU
		{88F7E03B-9F40-48D4-943B-C5CB7F33820E}.Release|Any CPU.Build.0 = Release|Any CPU
	EndGlobalSection
	GlobalSection(SolutionProperties) = preSolution
		HideSolutionNode = FALSE
	EndGlobalSection
	GlobalSection(ExtensibilityGlobals) = postSolution
		SolutionGuid = {69EDD2E0-1871-4AD2-8E66-C8BC997194B4}
	EndGlobalSection
EndGlobal
